<?xml version="1.0" encoding="utf-8"?>
<Project ToolsVersion="4.0" xmlns="http://schemas.microsoft.com/developer/msbuild/2003">
  <ItemGroup>
    <Filter Include="CNEngine">
      <UniqueIdentifier>{CC46216E-B813-7C79-E12C-6A21CD58B107}</UniqueIdentifier>
    </Filter>
    <Filter Include="CNEngine\Events">
      <UniqueIdentifier>{30D5212F-9C60-8FF3-A571-12E8117CEBF3}</UniqueIdentifier>
    </Filter>
    <Filter Include="CNEngine\Platform">
      <UniqueIdentifier>{A0E8099B-0CFF-0731-5576-9352C1CBD8B8}</UniqueIdentifier>
    </Filter>
  </ItemGroup>
  <ItemGroup>
    <ClInclude Include="src\CNEngine.h" />
    <ClInclude Include="src\CNEngine\Application.h">
      <Filter>CNEngine</Filter>
    </ClInclude>
    <ClInclude Include="src\CNEngine\Core.h">
      <Filter>CNEngine</Filter>
    </ClInclude>
    <ClInclude Include="src\CNEngine\EntryPoint.h">
      <Filter>CNEngine</Filter>
    </ClInclude>
    <ClInclude Include="src\CNEngine\Events\ApplicationEvent.h">
      <Filter>CNEngine\Events</Filter>
    </ClInclude>
    <ClInclude Include="src\CNEngine\Events\Event.h">
      <Filter>CNEngine\Events</Filter>
    </ClInclude>
    <ClInclude Include="src\CNEngine\Events\KeyEvent.h">
      <Filter>CNEngine\Events</Filter>
    </ClInclude>
    <ClInclude Include="src\CNEngine\Events\MouseEvent.h">
      <Filter>CNEngine\Events</Filter>
    </ClInclude>
    <ClInclude Include="src\CNEngine\Log.h">
      <Filter>CNEngine</Filter>
    </ClInclude>
    <ClInclude Include="src\CNEngine\Platform\WindowsWindow.h">
      <Filter>CNEngine\Platform</Filter>
    </ClInclude>
    <ClInclude Include="src\CNEngine\Window.h">
      <Filter>CNEngine</Filter>
    </ClInclude>
    <ClInclude Include="src\cnepch.h" />
  </ItemGroup>
  <ItemGroup>
    <ClCompile Include="src\CNEngine\Application.cpp">
      <Filter>CNEngine</Filter>
    </ClCompile>
    <ClCompile Include="src\CNEngine\Log.cpp">
      <Filter>CNEngine</Filter>
    </ClCompile>
    <ClCompile Include="src\CNEngine\Platform\WindowsWindow.cpp">
      <Filter>CNEngine\Platform</Filter>
    </ClCompile>
    <ClCompile Include="src\cnepch.cpp" />
  </ItemGroup>
</Project>