<?xml version="1.0" encoding="utf-8"?>
<Project ToolsVersion="4.0" xmlns="http://schemas.microsoft.com/developer/msbuild/2003">
  <ItemGroup>
    <Filter Include="CNEngine">
      <UniqueIdentifier>{CC46216E-B813-7C79-E12C-6A21CD58B107}</UniqueIdentifier>
    </Filter>
  </ItemGroup>
  <ItemGroup>
    <ClInclude Include="src\CNEngine.h" />
    <ClInclude Include="src\CNEngine\Application.h">
      <Filter>CNEngine</Filter>
    </ClInclude>
    <ClInclude Include="src\CNEngine\Core.h">
      <Filter>CNEngine</Filter>
    </ClInclude>
    <ClInclude Include="src\CNEngine\EntryPoint.h">
      <Filter>CNEngine</Filter>
    </ClInclude>
    <ClInclude Include="src\CNEngine\Log.h">
      <Filter>CNEngine</Filter>
    </ClInclude>
  </ItemGroup>
  <ItemGroup>
    <ClCompile Include="src\CNEngine\Application.cpp">
      <Filter>CNEngine</Filter>
    </ClCompile>
    <ClCompile Include="src\CNEngine\Log.cpp">
      <Filter>CNEngine</Filter>
    </ClCompile>
  </ItemGroup>
</Project>